
Microsoft Visual Studio Solution File, Format Version 12.00
# Visual Studio Version 18
VisualStudioVersion = 18.3.11408.92
MinimumVisualStudioVersion = 10.0.40219.1
Project("{9A19103F-16F7-4668-BE54-9A1E7A4F7556}") = "Aspire.Hosting.AWS", "src\Aspire.Hosting.AWS\Aspire.Hosting.AWS.csproj", "{6B424EDA-35C5-3A56-C474-F2343F174254}"
EndProject
Project("{2150E333-8FDC-42A3-9474-1A3956D46DE8}") = "playground", "playground", "{02EA681E-C7D8-13C7-8484-4AC65E1B71E8}"
EndProject
Project("{2150E333-8FDC-42A3-9474-1A3956D46DE8}") = "src", "src", "{897B17AA-6C3F-4FB0-9C6F-B1850BDCDC1D}"
EndProject
Project("{2150E333-8FDC-42A3-9474-1A3956D46DE8}") = "tests", "tests", "{7F5F26A8-F41A-4B16-83F0-8A11EE396FAC}"
EndProject
Project("{9A19103F-16F7-4668-BE54-9A1E7A4F7556}") = "Aspire.Hosting.AWS.UnitTests", "tests\Aspire.Hosting.AWS.UnitTests\Aspire.Hosting.AWS.UnitTests.csproj", "{2CDEDFE3-5B21-455B-AC18-14F89A9D321D}"
EndProject
Project("{2150E333-8FDC-42A3-9474-1A3956D46DE8}") = "CloudFormationProvisioning", "CloudFormationProvisioning", "{1294AC0D-DED5-40B9-9939-421090E0DA03}"
EndProject
Project("{FAE04EC0-301F-11D3-BF4B-00C04F79EFBC}") = "Frontend", "playground\CloudFormationProvisioning\Frontend\Frontend.csproj", "{BF684475-187F-4773-99FD-2053942C4033}"
EndProject
Project("{FAE04EC0-301F-11D3-BF4B-00C04F79EFBC}") = "AWS.ServiceDefaults", "playground\CloudFormationProvisioning\AWS.ServiceDefaults\AWS.ServiceDefaults.csproj", "{221EFA44-5090-4AFA-BA38-2C0A357C8192}"
EndProject
Project("{FAE04EC0-301F-11D3-BF4B-00C04F79EFBC}") = "AWS.AppHost", "playground\CloudFormationProvisioning\AWS.AppHost\AWS.AppHost.csproj", "{DB776D4D-4D13-455C-BF07-B86B6B9888D5}"
EndProject
Project("{FAE04EC0-301F-11D3-BF4B-00C04F79EFBC}") = "AWSCDK.AppHost", "playground\CloudFormationProvisioning\AWSCDK.AppHost\AWSCDK.AppHost.csproj", "{CAE1A855-C723-4EF9-8AE2-7F3EF3F54633}"
EndProject
Project("{2150E333-8FDC-42A3-9474-1A3956D46DE8}") = "Lambda", "Lambda", "{C3C0B096-DB7C-4D1B-B8A0-91631B32B4DE}"
EndProject
Project("{FAE04EC0-301F-11D3-BF4B-00C04F79EFBC}") = "ToUpperLambdaFunctionExecutable", "playground\Lambda\ToUpperLambdaFunctionExecutable\ToUpperLambdaFunctionExecutable.csproj", "{5CFF5B55-50C2-4689-AE89-95C1F676F608}"
EndProject
Project("{FAE04EC0-301F-11D3-BF4B-00C04F79EFBC}") = "Lambda.AppHost", "playground\Lambda\Lambda.AppHost\Lambda.AppHost.csproj", "{B95CE2E4-BE17-4E29-ACE7-BDE309B34B26}"
EndProject
Project("{FAE04EC0-301F-11D3-BF4B-00C04F79EFBC}") = "Aspire.Hosting.AWS.Integ.Tests", "tests\Aspire.Hosting.AWS.Integ.Tests\Aspire.Hosting.AWS.Integ.Tests.csproj", "{85E281A8-944D-4303-9D9A-28B4F5AEF69F}"
EndProject
Project("{FAE04EC0-301F-11D3-BF4B-00C04F79EFBC}") = "WebDefaultLambdaFunction", "playground\Lambda\WebDefaultLambdaFunction\WebDefaultLambdaFunction.csproj", "{FCAF3F64-BD16-4901-8D07-80049844B0A4}"
EndProject
Project("{FAE04EC0-301F-11D3-BF4B-00C04F79EFBC}") = "Lambda.ServiceDefaults", "playground\Lambda\Lambda.ServiceDefaults\Lambda.ServiceDefaults.csproj", "{A2750C2D-1F82-47CB-9EAB-B819E3EBDD74}"
EndProject
Project("{2150E333-8FDC-42A3-9474-1A3956D46DE8}") = "Solution Items", "Solution Items", "{100F1AB8-4765-4370-93BC-AC0AC0FBEADC}"
	ProjectSection(SolutionItems) = preProject
		Directory.Packages.props = Directory.Packages.props
	EndProjectSection
EndProject
Project("{FAE04EC0-301F-11D3-BF4B-00C04F79EFBC}") = "WebAWSCallsLambdaFunction", "playground\Lambda\WebAWSCallsLambdaFunction\WebAWSCallsLambdaFunction.csproj", "{96396A08-6FB9-49C2-A923-1AF1C97087EF}"
EndProject
Project("{FAE04EC0-301F-11D3-BF4B-00C04F79EFBC}") = "WebCalculatorFunctions", "playground\Lambda\WebCalculatorFunctions\WebCalculatorFunctions.csproj", "{4CE69424-50B4-1D2F-EA87-E9FC81C4BEA6}"
EndProject
Project("{FAE04EC0-301F-11D3-BF4B-00C04F79EFBC}") = "SQSProcessorFunction", "playground\Lambda\SQSProcessorFunction\SQSProcessorFunction.csproj", "{FC2267CD-9769-68B1-A271-774F98326A43}"
EndProject
Project("{2150E333-8FDC-42A3-9474-1A3956D46DE8}") = "Publishing", "Publishing", "{95D2252C-FE45-4452-80A8-3C425756CB5D}"
EndProject
Project("{FAE04EC0-301F-11D3-BF4B-00C04F79EFBC}") = "Publishing.AppHost", "playground\Publishing\Publishing.AppHost\Publishing.AppHost.csproj", "{09D92CCC-4685-4DF9-AADE-B67E68A61356}"
EndProject
Project("{FAE04EC0-301F-11D3-BF4B-00C04F79EFBC}") = "Publishing.ServiceDefaults", "playground\Publishing\Publishing.ServiceDefaults\Publishing.ServiceDefaults.csproj", "{BBAAB90A-F67C-F29D-72C7-96644C66DF14}"
EndProject
Project("{FAE04EC0-301F-11D3-BF4B-00C04F79EFBC}") = "Frontend", "playground\Publishing\Frontend\Frontend.csproj", "{A874AB2D-9F8A-563B-2F66-56B8E2B4646A}"
EndProject
Project("{FAE04EC0-301F-11D3-BF4B-00C04F79EFBC}") = "SQSProcessorFunction", "playground\Publishing\SQSProcessorFunction\SQSProcessorFunction.csproj", "{0212A282-358B-EDAA-AEBA-AA1453D89F44}"
EndProject
Project("{FAE04EC0-301F-11D3-BF4B-00C04F79EFBC}") = "Backend", "playground\Publishing\Backend\Backend.csproj", "{8902C7F8-EA2C-4A9F-99D2-2326ADC03E83}"
EndProject
Project("{2150E333-8FDC-42A3-9474-1A3956D46DE8}") = "testapps", "testapps", "{8562C385-B93D-4460-9A72-D7FAF7AF2A37}"
EndProject
Project("{2150E333-8FDC-42A3-9474-1A3956D46DE8}") = "DeploymentTestApps", "DeploymentTestApps", "{D368C2F8-4037-440F-8E3D-C6C889399394}"
EndProject
Project("{FAE04EC0-301F-11D3-BF4B-00C04F79EFBC}") = "DeploymentTestApps.ServiceDefaults", "testapps\DeploymentTestApps\DeploymentTestApps.ServiceDefaults\DeploymentTestApps.ServiceDefaults.csproj", "{E716A316-7C50-FF9E-0A4B-0D28E314876F}"
EndProject
Project("{FAE04EC0-301F-11D3-BF4B-00C04F79EFBC}") = "DeploymentTestApps.WebApp1", "testapps\DeploymentTestApps\DeploymentTestApps.WebApp1\DeploymentTestApps.WebApp1.csproj", "{3D3ADA8A-1CBD-A5CB-D3FB-0CAED4CF58A4}"
EndProject
Project("{FAE04EC0-301F-11D3-BF4B-00C04F79EFBC}") = "DeploymentTestApps.WebApp2", "testapps\DeploymentTestApps\DeploymentTestApps.WebApp2\DeploymentTestApps.WebApp2.csproj", "{D15BB3CF-E4FC-CB36-FD7E-0256192AAAD6}"
EndProject
Project("{FAE04EC0-301F-11D3-BF4B-00C04F79EFBC}") = "DeploymentTestApp.Service1", "testapps\DeploymentTestApps\DeploymentTestApp.Service1\DeploymentTestApp.Service1.csproj", "{C75623F1-F0F8-4987-9577-105A06D66A37}"
EndProject
Project("{FAE04EC0-301F-11D3-BF4B-00C04F79EFBC}") = "DeploymentTestApp.AppHost", "testapps\DeploymentTestApps\DeploymentTestApp.AppHost\DeploymentTestApp.AppHost.csproj", "{37C6999B-0176-AF8C-645C-0CB0BE706A40}"
EndProject
Project("{FAE04EC0-301F-11D3-BF4B-00C04F79EFBC}") = "DeploymentTestApp.LambdaFunction1", "testapps\DeploymentTestApps\DeploymentTestApp.LambdaFunction1\DeploymentTestApp.LambdaFunction1.csproj", "{1C19A43F-0B3D-F24C-7273-0434B4843BAC}"
EndProject
Global
	GlobalSection(SolutionConfigurationPlatforms) = preSolution
		Debug|Any CPU = Debug|Any CPU
		Release|Any CPU = Release|Any CPU
	EndGlobalSection
	GlobalSection(ProjectConfigurationPlatforms) = postSolution
		{6B424EDA-35C5-3A56-C474-F2343F174254}.Debug|Any CPU.ActiveCfg = Debug|Any CPU
		{6B424EDA-35C5-3A56-C474-F2343F174254}.Debug|Any CPU.Build.0 = Debug|Any CPU
		{6B424EDA-35C5-3A56-C474-F2343F174254}.Release|Any CPU.ActiveCfg = Release|Any CPU
		{6B424EDA-35C5-3A56-C474-F2343F174254}.Release|Any CPU.Build.0 = Release|Any CPU
		{2CDEDFE3-5B21-455B-AC18-14F89A9D321D}.Debug|Any CPU.ActiveCfg = Debug|Any CPU
		{2CDEDFE3-5B21-455B-AC18-14F89A9D321D}.Debug|Any CPU.Build.0 = Debug|Any CPU
		{2CDEDFE3-5B21-455B-AC18-14F89A9D321D}.Release|Any CPU.ActiveCfg = Release|Any CPU
		{2CDEDFE3-5B21-455B-AC18-14F89A9D321D}.Release|Any CPU.Build.0 = Release|Any CPU
		{BF684475-187F-4773-99FD-2053942C4033}.Debug|Any CPU.ActiveCfg = Debug|Any CPU
		{BF684475-187F-4773-99FD-2053942C4033}.Debug|Any CPU.Build.0 = Debug|Any CPU
		{BF684475-187F-4773-99FD-2053942C4033}.Release|Any CPU.ActiveCfg = Release|Any CPU
		{BF684475-187F-4773-99FD-2053942C4033}.Release|Any CPU.Build.0 = Release|Any CPU
		{221EFA44-5090-4AFA-BA38-2C0A357C8192}.Debug|Any CPU.ActiveCfg = Debug|Any CPU
		{221EFA44-5090-4AFA-BA38-2C0A357C8192}.Debug|Any CPU.Build.0 = Debug|Any CPU
		{221EFA44-5090-4AFA-BA38-2C0A357C8192}.Release|Any CPU.ActiveCfg = Release|Any CPU
		{221EFA44-5090-4AFA-BA38-2C0A357C8192}.Release|Any CPU.Build.0 = Release|Any CPU
		{DB776D4D-4D13-455C-BF07-B86B6B9888D5}.Debug|Any CPU.ActiveCfg = Debug|Any CPU
		{DB776D4D-4D13-455C-BF07-B86B6B9888D5}.Debug|Any CPU.Build.0 = Debug|Any CPU
		{DB776D4D-4D13-455C-BF07-B86B6B9888D5}.Release|Any CPU.ActiveCfg = Release|Any CPU
		{DB776D4D-4D13-455C-BF07-B86B6B9888D5}.Release|Any CPU.Build.0 = Release|Any CPU
		{CAE1A855-C723-4EF9-8AE2-7F3EF3F54633}.Debug|Any CPU.ActiveCfg = Debug|Any CPU
		{CAE1A855-C723-4EF9-8AE2-7F3EF3F54633}.Debug|Any CPU.Build.0 = Debug|Any CPU
		{CAE1A855-C723-4EF9-8AE2-7F3EF3F54633}.Release|Any CPU.ActiveCfg = Release|Any CPU
		{CAE1A855-C723-4EF9-8AE2-7F3EF3F54633}.Release|Any CPU.Build.0 = Release|Any CPU
		{5CFF5B55-50C2-4689-AE89-95C1F676F608}.Debug|Any CPU.ActiveCfg = Debug|Any CPU
		{5CFF5B55-50C2-4689-AE89-95C1F676F608}.Debug|Any CPU.Build.0 = Debug|Any CPU
		{5CFF5B55-50C2-4689-AE89-95C1F676F608}.Release|Any CPU.ActiveCfg = Release|Any CPU
		{5CFF5B55-50C2-4689-AE89-95C1F676F608}.Release|Any CPU.Build.0 = Release|Any CPU
		{B95CE2E4-BE17-4E29-ACE7-BDE309B34B26}.Debug|Any CPU.ActiveCfg = Debug|Any CPU
		{B95CE2E4-BE17-4E29-ACE7-BDE309B34B26}.Debug|Any CPU.Build.0 = Debug|Any CPU
		{B95CE2E4-BE17-4E29-ACE7-BDE309B34B26}.Release|Any CPU.ActiveCfg = Release|Any CPU
		{B95CE2E4-BE17-4E29-ACE7-BDE309B34B26}.Release|Any CPU.Build.0 = Release|Any CPU
		{85E281A8-944D-4303-9D9A-28B4F5AEF69F}.Debug|Any CPU.ActiveCfg = Debug|Any CPU
		{85E281A8-944D-4303-9D9A-28B4F5AEF69F}.Debug|Any CPU.Build.0 = Debug|Any CPU
		{85E281A8-944D-4303-9D9A-28B4F5AEF69F}.Release|Any CPU.ActiveCfg = Release|Any CPU
		{85E281A8-944D-4303-9D9A-28B4F5AEF69F}.Release|Any CPU.Build.0 = Release|Any CPU
		{FCAF3F64-BD16-4901-8D07-80049844B0A4}.Debug|Any CPU.ActiveCfg = Debug|Any CPU
		{FCAF3F64-BD16-4901-8D07-80049844B0A4}.Debug|Any CPU.Build.0 = Debug|Any CPU
		{FCAF3F64-BD16-4901-8D07-80049844B0A4}.Release|Any CPU.ActiveCfg = Release|Any CPU
		{FCAF3F64-BD16-4901-8D07-80049844B0A4}.Release|Any CPU.Build.0 = Release|Any CPU
		{A2750C2D-1F82-47CB-9EAB-B819E3EBDD74}.Debug|Any CPU.ActiveCfg = Debug|Any CPU
		{A2750C2D-1F82-47CB-9EAB-B819E3EBDD74}.Debug|Any CPU.Build.0 = Debug|Any CPU
		{A2750C2D-1F82-47CB-9EAB-B819E3EBDD74}.Release|Any CPU.ActiveCfg = Release|Any CPU
		{A2750C2D-1F82-47CB-9EAB-B819E3EBDD74}.Release|Any CPU.Build.0 = Release|Any CPU
		{96396A08-6FB9-49C2-A923-1AF1C97087EF}.Debug|Any CPU.ActiveCfg = Debug|Any CPU
		{96396A08-6FB9-49C2-A923-1AF1C97087EF}.Debug|Any CPU.Build.0 = Debug|Any CPU
		{96396A08-6FB9-49C2-A923-1AF1C97087EF}.Release|Any CPU.ActiveCfg = Release|Any CPU
		{96396A08-6FB9-49C2-A923-1AF1C97087EF}.Release|Any CPU.Build.0 = Release|Any CPU
		{4CE69424-50B4-1D2F-EA87-E9FC81C4BEA6}.Debug|Any CPU.ActiveCfg = Debug|Any CPU
		{4CE69424-50B4-1D2F-EA87-E9FC81C4BEA6}.Debug|Any CPU.Build.0 = Debug|Any CPU
		{4CE69424-50B4-1D2F-EA87-E9FC81C4BEA6}.Release|Any CPU.ActiveCfg = Release|Any CPU
		{4CE69424-50B4-1D2F-EA87-E9FC81C4BEA6}.Release|Any CPU.Build.0 = Release|Any CPU
		{FC2267CD-9769-68B1-A271-774F98326A43}.Debug|Any CPU.ActiveCfg = Debug|Any CPU
		{FC2267CD-9769-68B1-A271-774F98326A43}.Debug|Any CPU.Build.0 = Debug|Any CPU
		{FC2267CD-9769-68B1-A271-774F98326A43}.Release|Any CPU.ActiveCfg = Release|Any CPU
		{FC2267CD-9769-68B1-A271-774F98326A43}.Release|Any CPU.Build.0 = Release|Any CPU
		{09D92CCC-4685-4DF9-AADE-B67E68A61356}.Debug|Any CPU.ActiveCfg = Debug|Any CPU
		{09D92CCC-4685-4DF9-AADE-B67E68A61356}.Debug|Any CPU.Build.0 = Debug|Any CPU
		{09D92CCC-4685-4DF9-AADE-B67E68A61356}.Release|Any CPU.ActiveCfg = Release|Any CPU
		{09D92CCC-4685-4DF9-AADE-B67E68A61356}.Release|Any CPU.Build.0 = Release|Any CPU
		{BBAAB90A-F67C-F29D-72C7-96644C66DF14}.Debug|Any CPU.ActiveCfg = Debug|Any CPU
		{BBAAB90A-F67C-F29D-72C7-96644C66DF14}.Debug|Any CPU.Build.0 = Debug|Any CPU
		{BBAAB90A-F67C-F29D-72C7-96644C66DF14}.Release|Any CPU.ActiveCfg = Release|Any CPU
		{BBAAB90A-F67C-F29D-72C7-96644C66DF14}.Release|Any CPU.Build.0 = Release|Any CPU
		{A874AB2D-9F8A-563B-2F66-56B8E2B4646A}.Debug|Any CPU.ActiveCfg = Debug|Any CPU
		{A874AB2D-9F8A-563B-2F66-56B8E2B4646A}.Debug|Any CPU.Build.0 = Debug|Any CPU
		{A874AB2D-9F8A-563B-2F66-56B8E2B4646A}.Release|Any CPU.ActiveCfg = Release|Any CPU
		{A874AB2D-9F8A-563B-2F66-56B8E2B4646A}.Release|Any CPU.Build.0 = Release|Any CPU
		{0212A282-358B-EDAA-AEBA-AA1453D89F44}.Debug|Any CPU.ActiveCfg = Debug|Any CPU
		{0212A282-358B-EDAA-AEBA-AA1453D89F44}.Debug|Any CPU.Build.0 = Debug|Any CPU
		{0212A282-358B-EDAA-AEBA-AA1453D89F44}.Release|Any CPU.ActiveCfg = Release|Any CPU
		{0212A282-358B-EDAA-AEBA-AA1453D89F44}.Release|Any CPU.Build.0 = Release|Any CPU
		{8902C7F8-EA2C-4A9F-99D2-2326ADC03E83}.Debug|Any CPU.ActiveCfg = Debug|Any CPU
		{8902C7F8-EA2C-4A9F-99D2-2326ADC03E83}.Debug|Any CPU.Build.0 = Debug|Any CPU
		{8902C7F8-EA2C-4A9F-99D2-2326ADC03E83}.Release|Any CPU.ActiveCfg = Release|Any CPU
		{8902C7F8-EA2C-4A9F-99D2-2326ADC03E83}.Release|Any CPU.Build.0 = Release|Any CPU
		{E716A316-7C50-FF9E-0A4B-0D28E314876F}.Debug|Any CPU.ActiveCfg = Debug|Any CPU
		{E716A316-7C50-FF9E-0A4B-0D28E314876F}.Debug|Any CPU.Build.0 = Debug|Any CPU
		{E716A316-7C50-FF9E-0A4B-0D28E314876F}.Release|Any CPU.ActiveCfg = Release|Any CPU
		{E716A316-7C50-FF9E-0A4B-0D28E314876F}.Release|Any CPU.Build.0 = Release|Any CPU
		{3D3ADA8A-1CBD-A5CB-D3FB-0CAED4CF58A4}.Debug|Any CPU.ActiveCfg = Debug|Any CPU
		{3D3ADA8A-1CBD-A5CB-D3FB-0CAED4CF58A4}.Debug|Any CPU.Build.0 = Debug|Any CPU
		{3D3ADA8A-1CBD-A5CB-D3FB-0CAED4CF58A4}.Release|Any CPU.ActiveCfg = Release|Any CPU
		{3D3ADA8A-1CBD-A5CB-D3FB-0CAED4CF58A4}.Release|Any CPU.Build.0 = Release|Any CPU
		{D15BB3CF-E4FC-CB36-FD7E-0256192AAAD6}.Debug|Any CPU.ActiveCfg = Debug|Any CPU
		{D15BB3CF-E4FC-CB36-FD7E-0256192AAAD6}.Debug|Any CPU.Build.0 = Debug|Any CPU
		{D15BB3CF-E4FC-CB36-FD7E-0256192AAAD6}.Release|Any CPU.ActiveCfg = Release|Any CPU
		{D15BB3CF-E4FC-CB36-FD7E-0256192AAAD6}.Release|Any CPU.Build.0 = Release|Any CPU
		{C75623F1-F0F8-4987-9577-105A06D66A37}.Debug|Any CPU.ActiveCfg = Debug|Any CPU
		{C75623F1-F0F8-4987-9577-105A06D66A37}.Debug|Any CPU.Build.0 = Debug|Any CPU
		{C75623F1-F0F8-4987-9577-105A06D66A37}.Release|Any CPU.ActiveCfg = Release|Any CPU
		{C75623F1-F0F8-4987-9577-105A06D66A37}.Release|Any CPU.Build.0 = Release|Any CPU
		{37C6999B-0176-AF8C-645C-0CB0BE706A40}.Debug|Any CPU.ActiveCfg = Debug|Any CPU
		{37C6999B-0176-AF8C-645C-0CB0BE706A40}.Debug|Any CPU.Build.0 = Debug|Any CPU
		{37C6999B-0176-AF8C-645C-0CB0BE706A40}.Release|Any CPU.ActiveCfg = Release|Any CPU
		{37C6999B-0176-AF8C-645C-0CB0BE706A40}.Release|Any CPU.Build.0 = Release|Any CPU
		{1C19A43F-0B3D-F24C-7273-0434B4843BAC}.Debug|Any CPU.ActiveCfg = Debug|Any CPU
		{1C19A43F-0B3D-F24C-7273-0434B4843BAC}.Debug|Any CPU.Build.0 = Debug|Any CPU
		{1C19A43F-0B3D-F24C-7273-0434B4843BAC}.Release|Any CPU.ActiveCfg = Release|Any CPU
		{1C19A43F-0B3D-F24C-7273-0434B4843BAC}.Release|Any CPU.Build.0 = Release|Any CPU
	EndGlobalSection
	GlobalSection(SolutionProperties) = preSolution
		HideSolutionNode = FALSE
	EndGlobalSection
	GlobalSection(NestedProjects) = preSolution
		{6B424EDA-35C5-3A56-C474-F2343F174254} = {897B17AA-6C3F-4FB0-9C6F-B1850BDCDC1D}
		{2CDEDFE3-5B21-455B-AC18-14F89A9D321D} = {7F5F26A8-F41A-4B16-83F0-8A11EE396FAC}
		{1294AC0D-DED5-40B9-9939-421090E0DA03} = {02EA681E-C7D8-13C7-8484-4AC65E1B71E8}
		{BF684475-187F-4773-99FD-2053942C4033} = {1294AC0D-DED5-40B9-9939-421090E0DA03}
		{221EFA44-5090-4AFA-BA38-2C0A357C8192} = {1294AC0D-DED5-40B9-9939-421090E0DA03}
		{DB776D4D-4D13-455C-BF07-B86B6B9888D5} = {1294AC0D-DED5-40B9-9939-421090E0DA03}
		{CAE1A855-C723-4EF9-8AE2-7F3EF3F54633} = {1294AC0D-DED5-40B9-9939-421090E0DA03}
		{C3C0B096-DB7C-4D1B-B8A0-91631B32B4DE} = {02EA681E-C7D8-13C7-8484-4AC65E1B71E8}
		{5CFF5B55-50C2-4689-AE89-95C1F676F608} = {C3C0B096-DB7C-4D1B-B8A0-91631B32B4DE}
		{B95CE2E4-BE17-4E29-ACE7-BDE309B34B26} = {C3C0B096-DB7C-4D1B-B8A0-91631B32B4DE}
		{85E281A8-944D-4303-9D9A-28B4F5AEF69F} = {7F5F26A8-F41A-4B16-83F0-8A11EE396FAC}
		{FCAF3F64-BD16-4901-8D07-80049844B0A4} = {C3C0B096-DB7C-4D1B-B8A0-91631B32B4DE}
		{A2750C2D-1F82-47CB-9EAB-B819E3EBDD74} = {C3C0B096-DB7C-4D1B-B8A0-91631B32B4DE}
		{96396A08-6FB9-49C2-A923-1AF1C97087EF} = {C3C0B096-DB7C-4D1B-B8A0-91631B32B4DE}
		{4CE69424-50B4-1D2F-EA87-E9FC81C4BEA6} = {C3C0B096-DB7C-4D1B-B8A0-91631B32B4DE}
		{FC2267CD-9769-68B1-A271-774F98326A43} = {C3C0B096-DB7C-4D1B-B8A0-91631B32B4DE}
		{95D2252C-FE45-4452-80A8-3C425756CB5D} = {02EA681E-C7D8-13C7-8484-4AC65E1B71E8}
		{09D92CCC-4685-4DF9-AADE-B67E68A61356} = {95D2252C-FE45-4452-80A8-3C425756CB5D}
		{BBAAB90A-F67C-F29D-72C7-96644C66DF14} = {95D2252C-FE45-4452-80A8-3C425756CB5D}
		{A874AB2D-9F8A-563B-2F66-56B8E2B4646A} = {95D2252C-FE45-4452-80A8-3C425756CB5D}
		{0212A282-358B-EDAA-AEBA-AA1453D89F44} = {95D2252C-FE45-4452-80A8-3C425756CB5D}
		{8902C7F8-EA2C-4A9F-99D2-2326ADC03E83} = {95D2252C-FE45-4452-80A8-3C425756CB5D}
		{D368C2F8-4037-440F-8E3D-C6C889399394} = {8562C385-B93D-4460-9A72-D7FAF7AF2A37}
		{E716A316-7C50-FF9E-0A4B-0D28E314876F} = {D368C2F8-4037-440F-8E3D-C6C889399394}
		{3D3ADA8A-1CBD-A5CB-D3FB-0CAED4CF58A4} = {D368C2F8-4037-440F-8E3D-C6C889399394}
		{D15BB3CF-E4FC-CB36-FD7E-0256192AAAD6} = {D368C2F8-4037-440F-8E3D-C6C889399394}
		{C75623F1-F0F8-4987-9577-105A06D66A37} = {D368C2F8-4037-440F-8E3D-C6C889399394}
		{37C6999B-0176-AF8C-645C-0CB0BE706A40} = {D368C2F8-4037-440F-8E3D-C6C889399394}
		{1C19A43F-0B3D-F24C-7273-0434B4843BAC} = {D368C2F8-4037-440F-8E3D-C6C889399394}
	EndGlobalSection
	GlobalSection(ExtensibilityGlobals) = postSolution
		SolutionGuid = {FBA55172-92F1-4495-A082-E0ABE4F4AF09}
	EndGlobalSection
EndGlobal
